
Microsoft Visual Studio Solution File, Format Version 11.00
# Visual Studio 2010
Project("{FAE04EC0-301F-11D3-BF4B-00C04F79EFBC}") = "Unity-Collapsible-Ground", "Assembly-CSharp.csproj", "{A0DBF2C3-F7BF-DDCB-3789-E6FA4E22C667}"
EndProject
Project("{FAE04EC0-301F-11D3-BF4B-00C04F79EFBC}") = "Unity-Collapsible-Ground", "Assembly-CSharp-Editor.csproj", "{168DDA56-70C0-2DA5-9C99-F9AADD83B723}"
EndProject
Global
	GlobalSection(SolutionConfigurationPlatforms) = preSolution
		Debug|Any CPU = Debug|Any CPU
		Release|Any CPU = Release|Any CPU
	EndGlobalSection
	GlobalSection(ProjectConfigurationPlatforms) = postSolution
		{A0DBF2C3-F7BF-DDCB-3789-E6FA4E22C667}.Debug|Any CPU.ActiveCfg = Debug|Any CPU
		{A0DBF2C3-F7BF-DDCB-3789-E6FA4E22C667}.Debug|Any CPU.Build.0 = Debug|Any CPU
		{A0DBF2C3-F7BF-DDCB-3789-E6FA4E22C667}.Release|Any CPU.ActiveCfg = Release|Any CPU
		{A0DBF2C3-F7BF-DDCB-3789-E6FA4E22C667}.Release|Any CPU.Build.0 = Release|Any CPU
		{168DDA56-70C0-2DA5-9C99-F9AADD83B723}.Debug|Any CPU.ActiveCfg = Debug|Any CPU
		{168DDA56-70C0-2DA5-9C99-F9AADD83B723}.Debug|Any CPU.Build.0 = Debug|Any CPU
		{168DDA56-70C0-2DA5-9C99-F9AADD83B723}.Release|Any CPU.ActiveCfg = Release|Any CPU
		{168DDA56-70C0-2DA5-9C99-F9AADD83B723}.Release|Any CPU.Build.0 = Release|Any CPU
	EndGlobalSection
	GlobalSection(SolutionProperties) = preSolution
		HideSolutionNode = FALSE
	EndGlobalSection
	GlobalSection(MonoDevelopProperties) = preSolution
		StartupItem = Assembly-CSharp.csproj
	EndGlobalSection
EndGlobal
